// !$*UTF8*$!
{
	archiveVersion = 1;
	classes = {
	};
	objectVersion = 56;
	objects = {

/* Begin PBXBuildFile section */
		A402B1302BBDA8E600EC29BC /* PresentPopUp.swift in Sources */ = {isa = PBXBuildFile; fileRef = A402B12F2BBDA8E600EC29BC /* PresentPopUp.swift */; };
		A402B1322BBDA93900EC29BC /* MakeBlur.swift in Sources */ = {isa = PBXBuildFile; fileRef = A402B1312BBDA93900EC29BC /* MakeBlur.swift */; };
		A402B1342BBDB1C400EC29BC /* PopUpDelegate.swift in Sources */ = {isa = PBXBuildFile; fileRef = A402B1332BBDB1C400EC29BC /* PopUpDelegate.swift */; };
		A402B1362BBDB5BF00EC29BC /* PopUpProtocol.swift in Sources */ = {isa = PBXBuildFile; fileRef = A402B1352BBDB5BF00EC29BC /* PopUpProtocol.swift */; };
		A402B1392BBDB63F00EC29BC /* BackButton.swift in Sources */ = {isa = PBXBuildFile; fileRef = A402B1382BBDB63F00EC29BC /* BackButton.swift */; };
		A402B13B2BBDB7BB00EC29BC /* BackButtonProtocol.swift in Sources */ = {isa = PBXBuildFile; fileRef = A402B13A2BBDB7BB00EC29BC /* BackButtonProtocol.swift */; };
		A402B13D2BBDB7F700EC29BC /* BackButtonDelegate.swift in Sources */ = {isa = PBXBuildFile; fileRef = A402B13C2BBDB7F700EC29BC /* BackButtonDelegate.swift */; };
		A402B13F2BBDBB6800EC29BC /* HearSentencesGamePresenter.swift in Sources */ = {isa = PBXBuildFile; fileRef = A402B13E2BBDBB6800EC29BC /* HearSentencesGamePresenter.swift */; };
		A402B1412BBDBB7200EC29BC /* HearSentencesGameRouter.swift in Sources */ = {isa = PBXBuildFile; fileRef = A402B1402BBDBB7200EC29BC /* HearSentencesGameRouter.swift */; };
		A402B1432BBDBB7B00EC29BC /* HearSentencesGameInteractor.swift in Sources */ = {isa = PBXBuildFile; fileRef = A402B1422BBDBB7B00EC29BC /* HearSentencesGameInteractor.swift */; };
		A402B1452BBDBB8500EC29BC /* HearSentencesGameConfigurator.swift in Sources */ = {isa = PBXBuildFile; fileRef = A402B1442BBDBB8500EC29BC /* HearSentencesGameConfigurator.swift */; };
		A402B1472BBDBB8D00EC29BC /* HearSentencesGameProtocols.swift in Sources */ = {isa = PBXBuildFile; fileRef = A402B1462BBDBB8D00EC29BC /* HearSentencesGameProtocols.swift */; };
		A402B14A2BBDBE1B00EC29BC /* HearSentencesTaskModel.swift in Sources */ = {isa = PBXBuildFile; fileRef = A402B1492BBDBE1B00EC29BC /* HearSentencesTaskModel.swift */; };
		A402B14D2BBDC1CA00EC29BC /* TaskProvider.swift in Sources */ = {isa = PBXBuildFile; fileRef = A402B14C2BBDC1CA00EC29BC /* TaskProvider.swift */; };
		A402B1502BBDC21100EC29BC /* LoremSwiftum in Frameworks */ = {isa = PBXBuildFile; productRef = A402B14F2BBDC21100EC29BC /* LoremSwiftum */; };
		A402B15A2BBE089D00EC29BC /* WordBoxCollectionCell.swift in Sources */ = {isa = PBXBuildFile; fileRef = A402B1592BBE089D00EC29BC /* WordBoxCollectionCell.swift */; };
		A49EE7872BC0873600B56193 /* CustomProgressView.swift in Sources */ = {isa = PBXBuildFile; fileRef = A49EE7862BC0873600B56193 /* CustomProgressView.swift */; };
		A49EE78A2BC136C200B56193 /* WordBlocksCollectionsBlock.swift in Sources */ = {isa = PBXBuildFile; fileRef = A49EE7892BC136C200B56193 /* WordBlocksCollectionsBlock.swift */; };
		A49EE78C2BC1579600B56193 /* ArrayContainsItemWithTag.swift in Sources */ = {isa = PBXBuildFile; fileRef = A49EE78B2BC1579600B56193 /* ArrayContainsItemWithTag.swift */; };
		A49EE78E2BC16B6800B56193 /* TranslateSentenceHeaderBlock.swift in Sources */ = {isa = PBXBuildFile; fileRef = A49EE78D2BC16B6800B56193 /* TranslateSentenceHeaderBlock.swift */; };
		A49EE7902BC2685F00B56193 /* ClickableWordCollectionCell.swift in Sources */ = {isa = PBXBuildFile; fileRef = A49EE78F2BC2685F00B56193 /* ClickableWordCollectionCell.swift */; };
		A49EE7922BC2EAFE00B56193 /* CountCellWidthFromString.swift in Sources */ = {isa = PBXBuildFile; fileRef = A49EE7912BC2EAFE00B56193 /* CountCellWidthFromString.swift */; };
		A49EE7942BC2F6AA00B56193 /* GapSentencesBlock.swift in Sources */ = {isa = PBXBuildFile; fileRef = A49EE7932BC2F6AA00B56193 /* GapSentencesBlock.swift */; };
		A49EE7962BC3066900B56193 /* TranslateSentancesTaskModel.swift in Sources */ = {isa = PBXBuildFile; fileRef = A49EE7952BC3066900B56193 /* TranslateSentancesTaskModel.swift */; };
		A49EE7982BC306A000B56193 /* FillTheGapTaskModel.swift in Sources */ = {isa = PBXBuildFile; fileRef = A49EE7972BC306A000B56193 /* FillTheGapTaskModel.swift */; };
		A49F4A9B2BBBDEFF0017250D /* AppDelegate.swift in Sources */ = {isa = PBXBuildFile; fileRef = A49F4A9A2BBBDEFF0017250D /* AppDelegate.swift */; };
		A49F4A9D2BBBDEFF0017250D /* SceneDelegate.swift in Sources */ = {isa = PBXBuildFile; fileRef = A49F4A9C2BBBDEFF0017250D /* SceneDelegate.swift */; };
		A49F4A9F2BBBDEFF0017250D /* TabViewController.swift in Sources */ = {isa = PBXBuildFile; fileRef = A49F4A9E2BBBDEFF0017250D /* TabViewController.swift */; };
		A49F4AA42BBBDF000017250D /* Assets.xcassets in Resources */ = {isa = PBXBuildFile; fileRef = A49F4AA32BBBDF000017250D /* Assets.xcassets */; };
		A49F4AA72BBBDF000017250D /* Base in Resources */ = {isa = PBXBuildFile; fileRef = A49F4AA62BBBDF000017250D /* Base */; };
		A49F4AB32BBBE19C0017250D /* TabProtocols.swift in Sources */ = {isa = PBXBuildFile; fileRef = A49F4AB22BBBE19C0017250D /* TabProtocols.swift */; };
		A49F4AB52BBBE4380017250D /* TabPresenter.swift in Sources */ = {isa = PBXBuildFile; fileRef = A49F4AB42BBBE4380017250D /* TabPresenter.swift */; };
		A49F4AB72BBBE43E0017250D /* TabRouter.swift in Sources */ = {isa = PBXBuildFile; fileRef = A49F4AB62BBBE43E0017250D /* TabRouter.swift */; };
		A49F4AB92BBBE4490017250D /* TabInteractor.swift in Sources */ = {isa = PBXBuildFile; fileRef = A49F4AB82BBBE4490017250D /* TabInteractor.swift */; };
		A49F4ABB2BBBE4550017250D /* TabConfigurator.swift in Sources */ = {isa = PBXBuildFile; fileRef = A49F4ABA2BBBE4550017250D /* TabConfigurator.swift */; };
		A49F4ABF2BBC0CFD0017250D /* HomeViewController.swift in Sources */ = {isa = PBXBuildFile; fileRef = A49F4ABE2BBC0CFD0017250D /* HomeViewController.swift */; };
		A49F4AC22BBC2A2A0017250D /* ProfileViewController.swift in Sources */ = {isa = PBXBuildFile; fileRef = A49F4AC12BBC2A2A0017250D /* ProfileViewController.swift */; };
		A49F4AC42BBC96AB0017250D /* HomeProtocols.swift in Sources */ = {isa = PBXBuildFile; fileRef = A49F4AC32BBC96AB0017250D /* HomeProtocols.swift */; };
		A49F4AC62BBC99920017250D /* HomePresenter.swift in Sources */ = {isa = PBXBuildFile; fileRef = A49F4AC52BBC99920017250D /* HomePresenter.swift */; };
		A49F4AC82BBC9B250017250D /* HomeRouter.swift in Sources */ = {isa = PBXBuildFile; fileRef = A49F4AC72BBC9B250017250D /* HomeRouter.swift */; };
		A49F4ACA2BBC9B2E0017250D /* HomeInteractor.swift in Sources */ = {isa = PBXBuildFile; fileRef = A49F4AC92BBC9B2E0017250D /* HomeInteractor.swift */; };
		A49F4ACC2BBC9B4A0017250D /* HomeConfigurator.swift in Sources */ = {isa = PBXBuildFile; fileRef = A49F4ACB2BBC9B4A0017250D /* HomeConfigurator.swift */; };
		A49F4ACF2BBCA3610017250D /* StandartButton.swift in Sources */ = {isa = PBXBuildFile; fileRef = A49F4ACE2BBCA3610017250D /* StandartButton.swift */; };
		A49F4AD22BBCA8E60017250D /* StackViewArrangedSubviews.swift in Sources */ = {isa = PBXBuildFile; fileRef = A49F4AD12BBCA8E60017250D /* StackViewArrangedSubviews.swift */; };
		A49F4AD42BBD386A0017250D /* Shadows.swift in Sources */ = {isa = PBXBuildFile; fileRef = A49F4AD32BBD386A0017250D /* Shadows.swift */; };
		A49F4AD72BBD46DF0017250D /* HearSentencesGameViewController.swift in Sources */ = {isa = PBXBuildFile; fileRef = A49F4AD62BBD46DF0017250D /* HearSentencesGameViewController.swift */; };
		A49F4AD92BBD61880017250D /* PopUp.swift in Sources */ = {isa = PBXBuildFile; fileRef = A49F4AD82BBD61880017250D /* PopUp.swift */; };
/* End PBXBuildFile section */

/* Begin PBXFileReference section */
		A402B12F2BBDA8E600EC29BC /* PresentPopUp.swift */ = {isa = PBXFileReference; lastKnownFileType = sourcecode.swift; path = PresentPopUp.swift; sourceTree = "<group>"; };
		A402B1312BBDA93900EC29BC /* MakeBlur.swift */ = {isa = PBXFileReference; lastKnownFileType = sourcecode.swift; path = MakeBlur.swift; sourceTree = "<group>"; };
		A402B1332BBDB1C400EC29BC /* PopUpDelegate.swift */ = {isa = PBXFileReference; lastKnownFileType = sourcecode.swift; path = PopUpDelegate.swift; sourceTree = "<group>"; };
		A402B1352BBDB5BF00EC29BC /* PopUpProtocol.swift */ = {isa = PBXFileReference; lastKnownFileType = sourcecode.swift; path = PopUpProtocol.swift; sourceTree = "<group>"; };
		A402B1382BBDB63F00EC29BC /* BackButton.swift */ = {isa = PBXFileReference; lastKnownFileType = sourcecode.swift; path = BackButton.swift; sourceTree = "<group>"; };
		A402B13A2BBDB7BB00EC29BC /* BackButtonProtocol.swift */ = {isa = PBXFileReference; lastKnownFileType = sourcecode.swift; path = BackButtonProtocol.swift; sourceTree = "<group>"; };
		A402B13C2BBDB7F700EC29BC /* BackButtonDelegate.swift */ = {isa = PBXFileReference; lastKnownFileType = sourcecode.swift; path = BackButtonDelegate.swift; sourceTree = "<group>"; };
		A402B13E2BBDBB6800EC29BC /* HearSentencesGamePresenter.swift */ = {isa = PBXFileReference; lastKnownFileType = sourcecode.swift; path = HearSentencesGamePresenter.swift; sourceTree = "<group>"; };
		A402B1402BBDBB7200EC29BC /* HearSentencesGameRouter.swift */ = {isa = PBXFileReference; lastKnownFileType = sourcecode.swift; path = HearSentencesGameRouter.swift; sourceTree = "<group>"; };
		A402B1422BBDBB7B00EC29BC /* HearSentencesGameInteractor.swift */ = {isa = PBXFileReference; lastKnownFileType = sourcecode.swift; path = HearSentencesGameInteractor.swift; sourceTree = "<group>"; };
		A402B1442BBDBB8500EC29BC /* HearSentencesGameConfigurator.swift */ = {isa = PBXFileReference; lastKnownFileType = sourcecode.swift; path = HearSentencesGameConfigurator.swift; sourceTree = "<group>"; };
		A402B1462BBDBB8D00EC29BC /* HearSentencesGameProtocols.swift */ = {isa = PBXFileReference; lastKnownFileType = sourcecode.swift; path = HearSentencesGameProtocols.swift; sourceTree = "<group>"; };
		A402B1492BBDBE1B00EC29BC /* HearSentencesTaskModel.swift */ = {isa = PBXFileReference; lastKnownFileType = sourcecode.swift; path = HearSentencesTaskModel.swift; sourceTree = "<group>"; };
		A402B14C2BBDC1CA00EC29BC /* TaskProvider.swift */ = {isa = PBXFileReference; lastKnownFileType = sourcecode.swift; path = TaskProvider.swift; sourceTree = "<group>"; };
		A402B1592BBE089D00EC29BC /* WordBoxCollectionCell.swift */ = {isa = PBXFileReference; lastKnownFileType = sourcecode.swift; path = WordBoxCollectionCell.swift; sourceTree = "<group>"; };
		A49EE7862BC0873600B56193 /* CustomProgressView.swift */ = {isa = PBXFileReference; lastKnownFileType = sourcecode.swift; path = CustomProgressView.swift; sourceTree = "<group>"; };
		A49EE7892BC136C200B56193 /* WordBlocksCollectionsBlock.swift */ = {isa = PBXFileReference; lastKnownFileType = sourcecode.swift; path = WordBlocksCollectionsBlock.swift; sourceTree = "<group>"; };
		A49EE78B2BC1579600B56193 /* ArrayContainsItemWithTag.swift */ = {isa = PBXFileReference; lastKnownFileType = sourcecode.swift; path = ArrayContainsItemWithTag.swift; sourceTree = "<group>"; };
		A49EE78D2BC16B6800B56193 /* TranslateSentenceHeaderBlock.swift */ = {isa = PBXFileReference; lastKnownFileType = sourcecode.swift; path = TranslateSentenceHeaderBlock.swift; sourceTree = "<group>"; };
		A49EE78F2BC2685F00B56193 /* ClickableWordCollectionCell.swift */ = {isa = PBXFileReference; lastKnownFileType = sourcecode.swift; path = ClickableWordCollectionCell.swift; sourceTree = "<group>"; };
		A49EE7912BC2EAFE00B56193 /* CountCellWidthFromString.swift */ = {isa = PBXFileReference; lastKnownFileType = sourcecode.swift; path = CountCellWidthFromString.swift; sourceTree = "<group>"; };
		A49EE7932BC2F6AA00B56193 /* GapSentencesBlock.swift */ = {isa = PBXFileReference; lastKnownFileType = sourcecode.swift; path = GapSentencesBlock.swift; sourceTree = "<group>"; };
		A49EE7952BC3066900B56193 /* TranslateSentancesTaskModel.swift */ = {isa = PBXFileReference; lastKnownFileType = sourcecode.swift; path = TranslateSentancesTaskModel.swift; sourceTree = "<group>"; };
		A49EE7972BC306A000B56193 /* FillTheGapTaskModel.swift */ = {isa = PBXFileReference; lastKnownFileType = sourcecode.swift; path = FillTheGapTaskModel.swift; sourceTree = "<group>"; };
		A49F4A972BBBDEFF0017250D /* Chamala.app */ = {isa = PBXFileReference; explicitFileType = wrapper.application; includeInIndex = 0; path = Chamala.app; sourceTree = BUILT_PRODUCTS_DIR; };
		A49F4A9A2BBBDEFF0017250D /* AppDelegate.swift */ = {isa = PBXFileReference; lastKnownFileType = sourcecode.swift; path = AppDelegate.swift; sourceTree = "<group>"; };
		A49F4A9C2BBBDEFF0017250D /* SceneDelegate.swift */ = {isa = PBXFileReference; lastKnownFileType = sourcecode.swift; path = SceneDelegate.swift; sourceTree = "<group>"; };
		A49F4A9E2BBBDEFF0017250D /* TabViewController.swift */ = {isa = PBXFileReference; lastKnownFileType = sourcecode.swift; path = TabViewController.swift; sourceTree = "<group>"; };
		A49F4AA32BBBDF000017250D /* Assets.xcassets */ = {isa = PBXFileReference; lastKnownFileType = folder.assetcatalog; path = Assets.xcassets; sourceTree = "<group>"; };
		A49F4AA62BBBDF000017250D /* Base */ = {isa = PBXFileReference; lastKnownFileType = file.storyboard; name = Base; path = Base.lproj/LaunchScreen.storyboard; sourceTree = "<group>"; };
		A49F4AA82BBBDF000017250D /* Info.plist */ = {isa = PBXFileReference; lastKnownFileType = text.plist.xml; path = Info.plist; sourceTree = "<group>"; };
		A49F4AB22BBBE19C0017250D /* TabProtocols.swift */ = {isa = PBXFileReference; lastKnownFileType = sourcecode.swift; path = TabProtocols.swift; sourceTree = "<group>"; };
		A49F4AB42BBBE4380017250D /* TabPresenter.swift */ = {isa = PBXFileReference; lastKnownFileType = sourcecode.swift; path = TabPresenter.swift; sourceTree = "<group>"; };
		A49F4AB62BBBE43E0017250D /* TabRouter.swift */ = {isa = PBXFileReference; lastKnownFileType = sourcecode.swift; path = TabRouter.swift; sourceTree = "<group>"; };
		A49F4AB82BBBE4490017250D /* TabInteractor.swift */ = {isa = PBXFileReference; lastKnownFileType = sourcecode.swift; path = TabInteractor.swift; sourceTree = "<group>"; };
		A49F4ABA2BBBE4550017250D /* TabConfigurator.swift */ = {isa = PBXFileReference; lastKnownFileType = sourcecode.swift; path = TabConfigurator.swift; sourceTree = "<group>"; };
		A49F4ABE2BBC0CFD0017250D /* HomeViewController.swift */ = {isa = PBXFileReference; lastKnownFileType = sourcecode.swift; path = HomeViewController.swift; sourceTree = "<group>"; };
		A49F4AC12BBC2A2A0017250D /* ProfileViewController.swift */ = {isa = PBXFileReference; lastKnownFileType = sourcecode.swift; path = ProfileViewController.swift; sourceTree = "<group>"; };
		A49F4AC32BBC96AB0017250D /* HomeProtocols.swift */ = {isa = PBXFileReference; lastKnownFileType = sourcecode.swift; path = HomeProtocols.swift; sourceTree = "<group>"; };
		A49F4AC52BBC99920017250D /* HomePresenter.swift */ = {isa = PBXFileReference; lastKnownFileType = sourcecode.swift; path = HomePresenter.swift; sourceTree = "<group>"; };
		A49F4AC72BBC9B250017250D /* HomeRouter.swift */ = {isa = PBXFileReference; lastKnownFileType = sourcecode.swift; path = HomeRouter.swift; sourceTree = "<group>"; };
		A49F4AC92BBC9B2E0017250D /* HomeInteractor.swift */ = {isa = PBXFileReference; lastKnownFileType = sourcecode.swift; path = HomeInteractor.swift; sourceTree = "<group>"; };
		A49F4ACB2BBC9B4A0017250D /* HomeConfigurator.swift */ = {isa = PBXFileReference; lastKnownFileType = sourcecode.swift; path = HomeConfigurator.swift; sourceTree = "<group>"; };
		A49F4ACE2BBCA3610017250D /* StandartButton.swift */ = {isa = PBXFileReference; lastKnownFileType = sourcecode.swift; path = StandartButton.swift; sourceTree = "<group>"; };
		A49F4AD12BBCA8E60017250D /* StackViewArrangedSubviews.swift */ = {isa = PBXFileReference; lastKnownFileType = sourcecode.swift; path = StackViewArrangedSubviews.swift; sourceTree = "<group>"; };
		A49F4AD32BBD386A0017250D /* Shadows.swift */ = {isa = PBXFileReference; lastKnownFileType = sourcecode.swift; path = Shadows.swift; sourceTree = "<group>"; };
		A49F4AD62BBD46DF0017250D /* HearSentencesGameViewController.swift */ = {isa = PBXFileReference; lastKnownFileType = sourcecode.swift; path = HearSentencesGameViewController.swift; sourceTree = "<group>"; };
		A49F4AD82BBD61880017250D /* PopUp.swift */ = {isa = PBXFileReference; lastKnownFileType = sourcecode.swift; path = PopUp.swift; sourceTree = "<group>"; };
/* End PBXFileReference section */

/* Begin PBXFrameworksBuildPhase section */
		A49F4A942BBBDEFF0017250D /* Frameworks */ = {
			isa = PBXFrameworksBuildPhase;
			buildActionMask = 2147483647;
			files = (
				A402B1502BBDC21100EC29BC /* LoremSwiftum in Frameworks */,
			);
			runOnlyForDeploymentPostprocessing = 0;
		};
/* End PBXFrameworksBuildPhase section */

/* Begin PBXGroup section */
		A402B1372BBDB63100EC29BC /* PopUp */ = {
			isa = PBXGroup;
			children = (
				A49F4AD82BBD61880017250D /* PopUp.swift */,
				A402B1332BBDB1C400EC29BC /* PopUpDelegate.swift */,
				A402B1352BBDB5BF00EC29BC /* PopUpProtocol.swift */,
			);
			path = PopUp;
			sourceTree = "<group>";
		};
		A402B1482BBDBDF800EC29BC /* Entities */ = {
			isa = PBXGroup;
			children = (
				A402B1492BBDBE1B00EC29BC /* HearSentencesTaskModel.swift */,
				A49EE7952BC3066900B56193 /* TranslateSentancesTaskModel.swift */,
				A49EE7972BC306A000B56193 /* FillTheGapTaskModel.swift */,
			);
			path = Entities;
			sourceTree = "<group>";
		};
		A402B14B2BBDC19500EC29BC /* WebServices */ = {
			isa = PBXGroup;
			children = (
				A402B14C2BBDC1CA00EC29BC /* TaskProvider.swift */,
			);
			path = WebServices;
			sourceTree = "<group>";
		};
		A402B1512BBDEF2200EC29BC /* BackButton */ = {
			isa = PBXGroup;
			children = (
				A402B1382BBDB63F00EC29BC /* BackButton.swift */,
				A402B13A2BBDB7BB00EC29BC /* BackButtonProtocol.swift */,
				A402B13C2BBDB7F700EC29BC /* BackButtonDelegate.swift */,
			);
			path = BackButton;
			sourceTree = "<group>";
		};
		A49EE7882BC1363E00B56193 /* TaskBlockViews */ = {
			isa = PBXGroup;
			children = (
				A49EE7892BC136C200B56193 /* WordBlocksCollectionsBlock.swift */,
				A49EE78D2BC16B6800B56193 /* TranslateSentenceHeaderBlock.swift */,
				A49EE7932BC2F6AA00B56193 /* GapSentencesBlock.swift */,
			);
			path = TaskBlockViews;
			sourceTree = "<group>";
		};
		A49EE7992BC43A8900B56193 /* StateBlockViews */ = {
			isa = PBXGroup;
			children = (
				A49EE7862BC0873600B56193 /* CustomProgressView.swift */,
			);
			path = StateBlockViews;
			sourceTree = "<group>";
		};
		A49EE79A2BC43BAC00B56193 /* Cells */ = {
			isa = PBXGroup;
			children = (
				A402B1592BBE089D00EC29BC /* WordBoxCollectionCell.swift */,
				A49EE78F2BC2685F00B56193 /* ClickableWordCollectionCell.swift */,
			);
			name = Cells;
			path = TaskBlockViews;
			sourceTree = "<group>";
		};
		A49F4A8E2BBBDEFF0017250D = {
			isa = PBXGroup;
			children = (
				A49F4A992BBBDEFF0017250D /* Chamala */,
				A49F4A982BBBDEFF0017250D /* Products */,
			);
			sourceTree = "<group>";
		};
		A49F4A982BBBDEFF0017250D /* Products */ = {
			isa = PBXGroup;
			children = (
				A49F4A972BBBDEFF0017250D /* Chamala.app */,
			);
			name = Products;
			sourceTree = "<group>";
		};
		A49F4A992BBBDEFF0017250D /* Chamala */ = {
			isa = PBXGroup;
			children = (
				A49F4A9A2BBBDEFF0017250D /* AppDelegate.swift */,
				A49F4A9C2BBBDEFF0017250D /* SceneDelegate.swift */,
				A49F4AB02BBBE1260017250D /* Modules */,
				A49F4ACD2BBCA3400017250D /* Views */,
				A49F4AD02BBCA8BC0017250D /* Extensions */,
				A49F4AA32BBBDF000017250D /* Assets.xcassets */,
				A49F4AA52BBBDF000017250D /* LaunchScreen.storyboard */,
				A49F4AA82BBBDF000017250D /* Info.plist */,
			);
			path = Chamala;
			sourceTree = "<group>";
		};
		A49F4AB02BBBE1260017250D /* Modules */ = {
			isa = PBXGroup;
			children = (
				A402B14B2BBDC19500EC29BC /* WebServices */,
				A49F4AC02BBC2A1A0017250D /* ProfileViewController */,
				A49F4ABD2BBBF1110017250D /* HomeViewController */,
				A49F4AD52BBD44600017250D /* HearSentencesGame */,
				A49F4AB12BBBE1470017250D /* Tab */,
			);
			path = Modules;
			sourceTree = "<group>";
		};
		A49F4AB12BBBE1470017250D /* Tab */ = {
			isa = PBXGroup;
			children = (
				A49F4A9E2BBBDEFF0017250D /* TabViewController.swift */,
				A49F4AB42BBBE4380017250D /* TabPresenter.swift */,
				A49F4AB62BBBE43E0017250D /* TabRouter.swift */,
				A49F4AB82BBBE4490017250D /* TabInteractor.swift */,
				A49F4ABA2BBBE4550017250D /* TabConfigurator.swift */,
				A49F4AB22BBBE19C0017250D /* TabProtocols.swift */,
			);
			path = Tab;
			sourceTree = "<group>";
		};
		A49F4ABD2BBBF1110017250D /* HomeViewController */ = {
			isa = PBXGroup;
			children = (
				A49F4ABE2BBC0CFD0017250D /* HomeViewController.swift */,
				A49F4AC52BBC99920017250D /* HomePresenter.swift */,
				A49F4AC72BBC9B250017250D /* HomeRouter.swift */,
				A49F4AC92BBC9B2E0017250D /* HomeInteractor.swift */,
				A49F4ACB2BBC9B4A0017250D /* HomeConfigurator.swift */,
				A49F4AC32BBC96AB0017250D /* HomeProtocols.swift */,
			);
			path = HomeViewController;
			sourceTree = "<group>";
		};
		A49F4AC02BBC2A1A0017250D /* ProfileViewController */ = {
			isa = PBXGroup;
			children = (
				A49F4AC12BBC2A2A0017250D /* ProfileViewController.swift */,
			);
			path = ProfileViewController;
			sourceTree = "<group>";
		};
		A49F4ACD2BBCA3400017250D /* Views */ = {
			isa = PBXGroup;
			children = (
				A49EE7992BC43A8900B56193 /* StateBlockViews */,
				A49EE7882BC1363E00B56193 /* TaskBlockViews */,
				A49EE79A2BC43BAC00B56193 /* Cells */,
				A49F4ACE2BBCA3610017250D /* StandartButton.swift */,
				A402B1512BBDEF2200EC29BC /* BackButton */,
				A402B1372BBDB63100EC29BC /* PopUp */,
			);
			path = Views;
			sourceTree = "<group>";
		};
		A49F4AD02BBCA8BC0017250D /* Extensions */ = {
			isa = PBXGroup;
			children = (
				A49F4AD12BBCA8E60017250D /* StackViewArrangedSubviews.swift */,
				A49F4AD32BBD386A0017250D /* Shadows.swift */,
				A402B12F2BBDA8E600EC29BC /* PresentPopUp.swift */,
				A402B1312BBDA93900EC29BC /* MakeBlur.swift */,
				A49EE78B2BC1579600B56193 /* ArrayContainsItemWithTag.swift */,
				A49EE7912BC2EAFE00B56193 /* CountCellWidthFromString.swift */,
			);
			path = Extensions;
			sourceTree = "<group>";
		};
		A49F4AD52BBD44600017250D /* HearSentencesGame */ = {
			isa = PBXGroup;
			children = (
				A49F4AD62BBD46DF0017250D /* HearSentencesGameViewController.swift */,
				A402B13E2BBDBB6800EC29BC /* HearSentencesGamePresenter.swift */,
				A402B1402BBDBB7200EC29BC /* HearSentencesGameRouter.swift */,
				A402B1422BBDBB7B00EC29BC /* HearSentencesGameInteractor.swift */,
				A402B1442BBDBB8500EC29BC /* HearSentencesGameConfigurator.swift */,
				A402B1462BBDBB8D00EC29BC /* HearSentencesGameProtocols.swift */,
				A402B1482BBDBDF800EC29BC /* Entities */,
			);
			path = HearSentencesGame;
			sourceTree = "<group>";
		};
/* End PBXGroup section */

/* Begin PBXNativeTarget section */
		A49F4A962BBBDEFF0017250D /* Chamala */ = {
			isa = PBXNativeTarget;
			buildConfigurationList = A49F4AAB2BBBDF000017250D /* Build configuration list for PBXNativeTarget "Chamala" */;
			buildPhases = (
				A49F4A932BBBDEFF0017250D /* Sources */,
				A49F4A942BBBDEFF0017250D /* Frameworks */,
				A49F4A952BBBDEFF0017250D /* Resources */,
			);
			buildRules = (
			);
			dependencies = (
			);
			name = Chamala;
			packageProductDependencies = (
				A402B14F2BBDC21100EC29BC /* LoremSwiftum */,
			);
			productName = Chamala;
			productReference = A49F4A972BBBDEFF0017250D /* Chamala.app */;
			productType = "com.apple.product-type.application";
		};
/* End PBXNativeTarget section */

/* Begin PBXProject section */
		A49F4A8F2BBBDEFF0017250D /* Project object */ = {
			isa = PBXProject;
			attributes = {
				BuildIndependentTargetsInParallel = 1;
				LastSwiftUpdateCheck = 1530;
				LastUpgradeCheck = 1530;
				TargetAttributes = {
					A49F4A962BBBDEFF0017250D = {
						CreatedOnToolsVersion = 15.3;
					};
				};
			};
			buildConfigurationList = A49F4A922BBBDEFF0017250D /* Build configuration list for PBXProject "Chamala" */;
			compatibilityVersion = "Xcode 14.0";
			developmentRegion = en;
			hasScannedForEncodings = 0;
			knownRegions = (
				en,
				Base,
			);
			mainGroup = A49F4A8E2BBBDEFF0017250D;
			packageReferences = (
				A402B14E2BBDC21100EC29BC /* XCRemoteSwiftPackageReference "LoremSwiftum" */,
			);
			productRefGroup = A49F4A982BBBDEFF0017250D /* Products */;
			projectDirPath = "";
			projectRoot = "";
			targets = (
				A49F4A962BBBDEFF0017250D /* Chamala */,
			);
		};
/* End PBXProject section */

/* Begin PBXResourcesBuildPhase section */
		A49F4A952BBBDEFF0017250D /* Resources */ = {
			isa = PBXResourcesBuildPhase;
			buildActionMask = 2147483647;
			files = (
				A49F4AA42BBBDF000017250D /* Assets.xcassets in Resources */,
				A49F4AA72BBBDF000017250D /* Base in Resources */,
			);
			runOnlyForDeploymentPostprocessing = 0;
		};
/* End PBXResourcesBuildPhase section */

/* Begin PBXSourcesBuildPhase section */
		A49F4A932BBBDEFF0017250D /* Sources */ = {
			isa = PBXSourcesBuildPhase;
			buildActionMask = 2147483647;
			files = (
				A49F4ABB2BBBE4550017250D /* TabConfigurator.swift in Sources */,
				A49F4AD42BBD386A0017250D /* Shadows.swift in Sources */,
				A49F4AB92BBBE4490017250D /* TabInteractor.swift in Sources */,
				A49F4AC22BBC2A2A0017250D /* ProfileViewController.swift in Sources */,
				A402B1472BBDBB8D00EC29BC /* HearSentencesGameProtocols.swift in Sources */,
				A49EE7962BC3066900B56193 /* TranslateSentancesTaskModel.swift in Sources */,
				A402B1452BBDBB8500EC29BC /* HearSentencesGameConfigurator.swift in Sources */,
				A402B1392BBDB63F00EC29BC /* BackButton.swift in Sources */,
				A49F4AC62BBC99920017250D /* HomePresenter.swift in Sources */,
				A49F4A9F2BBBDEFF0017250D /* TabViewController.swift in Sources */,
				A49EE78A2BC136C200B56193 /* WordBlocksCollectionsBlock.swift in Sources */,
				A49F4AD92BBD61880017250D /* PopUp.swift in Sources */,
				A49EE7982BC306A000B56193 /* FillTheGapTaskModel.swift in Sources */,
				A49F4AC42BBC96AB0017250D /* HomeProtocols.swift in Sources */,
				A49F4AD22BBCA8E60017250D /* StackViewArrangedSubviews.swift in Sources */,
				A49F4AC82BBC9B250017250D /* HomeRouter.swift in Sources */,
				A49EE78C2BC1579600B56193 /* ArrayContainsItemWithTag.swift in Sources */,
				A49F4AB72BBBE43E0017250D /* TabRouter.swift in Sources */,
				A402B13D2BBDB7F700EC29BC /* BackButtonDelegate.swift in Sources */,
				A402B13B2BBDB7BB00EC29BC /* BackButtonProtocol.swift in Sources */,
				A49EE7902BC2685F00B56193 /* ClickableWordCollectionCell.swift in Sources */,
				A402B1302BBDA8E600EC29BC /* PresentPopUp.swift in Sources */,
				A402B1362BBDB5BF00EC29BC /* PopUpProtocol.swift in Sources */,
				A49EE78E2BC16B6800B56193 /* TranslateSentenceHeaderBlock.swift in Sources */,
				A49F4ABF2BBC0CFD0017250D /* HomeViewController.swift in Sources */,
				A49EE7872BC0873600B56193 /* CustomProgressView.swift in Sources */,
				A49F4ACC2BBC9B4A0017250D /* HomeConfigurator.swift in Sources */,
				A49EE7942BC2F6AA00B56193 /* GapSentencesBlock.swift in Sources */,
				A402B13F2BBDBB6800EC29BC /* HearSentencesGamePresenter.swift in Sources */,
				A402B15A2BBE089D00EC29BC /* WordBoxCollectionCell.swift in Sources */,
				A49F4AB32BBBE19C0017250D /* TabProtocols.swift in Sources */,
				A49F4AD72BBD46DF0017250D /* HearSentencesGameViewController.swift in Sources */,
				A402B14A2BBDBE1B00EC29BC /* HearSentencesTaskModel.swift in Sources */,
				A49F4A9B2BBBDEFF0017250D /* AppDelegate.swift in Sources */,
				A49F4ACF2BBCA3610017250D /* StandartButton.swift in Sources */,
				A49F4A9D2BBBDEFF0017250D /* SceneDelegate.swift in Sources */,
				A49F4AB52BBBE4380017250D /* TabPresenter.swift in Sources */,
				A402B1412BBDBB7200EC29BC /* HearSentencesGameRouter.swift in Sources */,
				A402B1342BBDB1C400EC29BC /* PopUpDelegate.swift in Sources */,
				A49EE7922BC2EAFE00B56193 /* CountCellWidthFromString.swift in Sources */,
				A402B1322BBDA93900EC29BC /* MakeBlur.swift in Sources */,
				A49F4ACA2BBC9B2E0017250D /* HomeInteractor.swift in Sources */,
				A402B1432BBDBB7B00EC29BC /* HearSentencesGameInteractor.swift in Sources */,
				A402B14D2BBDC1CA00EC29BC /* TaskProvider.swift in Sources */,
			);
			runOnlyForDeploymentPostprocessing = 0;
		};
/* End PBXSourcesBuildPhase section */

/* Begin PBXVariantGroup section */
		A49F4AA52BBBDF000017250D /* LaunchScreen.storyboard */ = {
			isa = PBXVariantGroup;
			children = (
				A49F4AA62BBBDF000017250D /* Base */,
			);
			name = LaunchScreen.storyboard;
			sourceTree = "<group>";
		};
/* End PBXVariantGroup section */

/* Begin XCBuildConfiguration section */
		A49F4AA92BBBDF000017250D /* Debug */ = {
			isa = XCBuildConfiguration;
			buildSettings = {
				ALWAYS_SEARCH_USER_PATHS = NO;
				ASSETCATALOG_COMPILER_GENERATE_SWIFT_ASSET_SYMBOL_EXTENSIONS = YES;
				CLANG_ANALYZER_NONNULL = YES;
				CLANG_ANALYZER_NUMBER_OBJECT_CONVERSION = YES_AGGRESSIVE;
				CLANG_CXX_LANGUAGE_STANDARD = "gnu++20";
				CLANG_ENABLE_MODULES = YES;
				CLANG_ENABLE_OBJC_ARC = YES;
				CLANG_ENABLE_OBJC_WEAK = YES;
				CLANG_WARN_BLOCK_CAPTURE_AUTORELEASING = YES;
				CLANG_WARN_BOOL_CONVERSION = YES;
				CLANG_WARN_COMMA = YES;
				CLANG_WARN_CONSTANT_CONVERSION = YES;
				CLANG_WARN_DEPRECATED_OBJC_IMPLEMENTATIONS = YES;
				CLANG_WARN_DIRECT_OBJC_ISA_USAGE = YES_ERROR;
				CLANG_WARN_DOCUMENTATION_COMMENTS = YES;
				CLANG_WARN_EMPTY_BODY = YES;
				CLANG_WARN_ENUM_CONVERSION = YES;
				CLANG_WARN_INFINITE_RECURSION = YES;
				CLANG_WARN_INT_CONVERSION = YES;
				CLANG_WARN_NON_LITERAL_NULL_CONVERSION = YES;
				CLANG_WARN_OBJC_IMPLICIT_RETAIN_SELF = YES;
				CLANG_WARN_OBJC_LITERAL_CONVERSION = YES;
				CLANG_WARN_OBJC_ROOT_CLASS = YES_ERROR;
				CLANG_WARN_QUOTED_INCLUDE_IN_FRAMEWORK_HEADER = YES;
				CLANG_WARN_RANGE_LOOP_ANALYSIS = YES;
				CLANG_WARN_STRICT_PROTOTYPES = YES;
				CLANG_WARN_SUSPICIOUS_MOVE = YES;
				CLANG_WARN_UNGUARDED_AVAILABILITY = YES_AGGRESSIVE;
				CLANG_WARN_UNREACHABLE_CODE = YES;
				CLANG_WARN__DUPLICATE_METHOD_MATCH = YES;
				COPY_PHASE_STRIP = NO;
				DEBUG_INFORMATION_FORMAT = dwarf;
				ENABLE_STRICT_OBJC_MSGSEND = YES;
				ENABLE_TESTABILITY = YES;
				ENABLE_USER_SCRIPT_SANDBOXING = YES;
				GCC_C_LANGUAGE_STANDARD = gnu17;
				GCC_DYNAMIC_NO_PIC = NO;
				GCC_NO_COMMON_BLOCKS = YES;
				GCC_OPTIMIZATION_LEVEL = 0;
				GCC_PREPROCESSOR_DEFINITIONS = (
					"DEBUG=1",
					"$(inherited)",
				);
				GCC_WARN_64_TO_32_BIT_CONVERSION = YES;
				GCC_WARN_ABOUT_RETURN_TYPE = YES_ERROR;
				GCC_WARN_UNDECLARED_SELECTOR = YES;
				GCC_WARN_UNINITIALIZED_AUTOS = YES_AGGRESSIVE;
				GCC_WARN_UNUSED_FUNCTION = YES;
				GCC_WARN_UNUSED_VARIABLE = YES;
				IPHONEOS_DEPLOYMENT_TARGET = 15.0;
				LOCALIZATION_PREFERS_STRING_CATALOGS = YES;
				MTL_ENABLE_DEBUG_INFO = INCLUDE_SOURCE;
				MTL_FAST_MATH = YES;
				ONLY_ACTIVE_ARCH = YES;
				SDKROOT = iphoneos;
				SWIFT_ACTIVE_COMPILATION_CONDITIONS = "DEBUG $(inherited)";
				SWIFT_OPTIMIZATION_LEVEL = "-Onone";
			};
			name = Debug;
		};
		A49F4AAA2BBBDF000017250D /* Release */ = {
			isa = XCBuildConfiguration;
			buildSettings = {
				ALWAYS_SEARCH_USER_PATHS = NO;
				ASSETCATALOG_COMPILER_GENERATE_SWIFT_ASSET_SYMBOL_EXTENSIONS = YES;
				CLANG_ANALYZER_NONNULL = YES;
				CLANG_ANALYZER_NUMBER_OBJECT_CONVERSION = YES_AGGRESSIVE;
				CLANG_CXX_LANGUAGE_STANDARD = "gnu++20";
				CLANG_ENABLE_MODULES = YES;
				CLANG_ENABLE_OBJC_ARC = YES;
				CLANG_ENABLE_OBJC_WEAK = YES;
				CLANG_WARN_BLOCK_CAPTURE_AUTORELEASING = YES;
				CLANG_WARN_BOOL_CONVERSION = YES;
				CLANG_WARN_COMMA = YES;
				CLANG_WARN_CONSTANT_CONVERSION = YES;
				CLANG_WARN_DEPRECATED_OBJC_IMPLEMENTATIONS = YES;
				CLANG_WARN_DIRECT_OBJC_ISA_USAGE = YES_ERROR;
				CLANG_WARN_DOCUMENTATION_COMMENTS = YES;
				CLANG_WARN_EMPTY_BODY = YES;
				CLANG_WARN_ENUM_CONVERSION = YES;
				CLANG_WARN_INFINITE_RECURSION = YES;
				CLANG_WARN_INT_CONVERSION = YES;
				CLANG_WARN_NON_LITERAL_NULL_CONVERSION = YES;
				CLANG_WARN_OBJC_IMPLICIT_RETAIN_SELF = YES;
				CLANG_WARN_OBJC_LITERAL_CONVERSION = YES;
				CLANG_WARN_OBJC_ROOT_CLASS = YES_ERROR;
				CLANG_WARN_QUOTED_INCLUDE_IN_FRAMEWORK_HEADER = YES;
				CLANG_WARN_RANGE_LOOP_ANALYSIS = YES;
				CLANG_WARN_STRICT_PROTOTYPES = YES;
				CLANG_WARN_SUSPICIOUS_MOVE = YES;
				CLANG_WARN_UNGUARDED_AVAILABILITY = YES_AGGRESSIVE;
				CLANG_WARN_UNREACHABLE_CODE = YES;
				CLANG_WARN__DUPLICATE_METHOD_MATCH = YES;
				COPY_PHASE_STRIP = NO;
				DEBUG_INFORMATION_FORMAT = "dwarf-with-dsym";
				ENABLE_NS_ASSERTIONS = NO;
				ENABLE_STRICT_OBJC_MSGSEND = YES;
				ENABLE_USER_SCRIPT_SANDBOXING = YES;
				GCC_C_LANGUAGE_STANDARD = gnu17;
				GCC_NO_COMMON_BLOCKS = YES;
				GCC_WARN_64_TO_32_BIT_CONVERSION = YES;
				GCC_WARN_ABOUT_RETURN_TYPE = YES_ERROR;
				GCC_WARN_UNDECLARED_SELECTOR = YES;
				GCC_WARN_UNINITIALIZED_AUTOS = YES_AGGRESSIVE;
				GCC_WARN_UNUSED_FUNCTION = YES;
				GCC_WARN_UNUSED_VARIABLE = YES;
				IPHONEOS_DEPLOYMENT_TARGET = 15.0;
				LOCALIZATION_PREFERS_STRING_CATALOGS = YES;
				MTL_ENABLE_DEBUG_INFO = NO;
				MTL_FAST_MATH = YES;
				SDKROOT = iphoneos;
				SWIFT_COMPILATION_MODE = wholemodule;
				VALIDATE_PRODUCT = YES;
			};
			name = Release;
		};
		A49F4AAC2BBBDF000017250D /* Debug */ = {
			isa = XCBuildConfiguration;
			buildSettings = {
				ASSETCATALOG_COMPILER_APPICON_NAME = AppIcon;
				ASSETCATALOG_COMPILER_GLOBAL_ACCENT_COLOR_NAME = AccentColor;
				CODE_SIGN_STYLE = Automatic;
				CURRENT_PROJECT_VERSION = 1;
				DEVELOPMENT_TEAM = 83A3HB7D55;
				GENERATE_INFOPLIST_FILE = YES;
				INFOPLIST_FILE = Chamala/Info.plist;
				INFOPLIST_KEY_UIApplicationSupportsIndirectInputEvents = YES;
				INFOPLIST_KEY_UILaunchStoryboardName = LaunchScreen;
				INFOPLIST_KEY_UISupportedInterfaceOrientations = "UIInterfaceOrientationPortrait UIInterfaceOrientationPortraitUpsideDown";
				INFOPLIST_KEY_UISupportedInterfaceOrientations_iPad = "UIInterfaceOrientationLandscapeLeft UIInterfaceOrientationLandscapeRight UIInterfaceOrientationPortrait UIInterfaceOrientationPortraitUpsideDown";
				INFOPLIST_KEY_UIUserInterfaceStyle = Light;
				IPHONEOS_DEPLOYMENT_TARGET = 15.0;
				LD_RUNPATH_SEARCH_PATHS = (
					"$(inherited)",
					"@executable_path/Frameworks",
				);
				MARKETING_VERSION = 1.0;
				PRODUCT_BUNDLE_IDENTIFIER = com.app.Chamala2;
				PRODUCT_NAME = "$(TARGET_NAME)";
				SUPPORTED_PLATFORMS = "iphoneos iphonesimulator";
				SUPPORTS_MACCATALYST = NO;
				SUPPORTS_MAC_DESIGNED_FOR_IPHONE_IPAD = NO;
				SUPPORTS_XR_DESIGNED_FOR_IPHONE_IPAD = NO;
				SWIFT_EMIT_LOC_STRINGS = YES;
				SWIFT_VERSION = 5.0;
				TARGETED_DEVICE_FAMILY = 1;
			};
			name = Debug;
		};
		A49F4AAD2BBBDF000017250D /* Release */ = {
			isa = XCBuildConfiguration;
			buildSettings = {
				ASSETCATALOG_COMPILER_APPICON_NAME = AppIcon;
				ASSETCATALOG_COMPILER_GLOBAL_ACCENT_COLOR_NAME = AccentColor;
				CODE_SIGN_STYLE = Automatic;
				CURRENT_PROJECT_VERSION = 1;
				DEVELOPMENT_TEAM = 83A3HB7D55;
				GENERATE_INFOPLIST_FILE = YES;
				INFOPLIST_FILE = Chamala/Info.plist;
				INFOPLIST_KEY_UIApplicationSupportsIndirectInputEvents = YES;
				INFOPLIST_KEY_UILaunchStoryboardName = LaunchScreen;
				INFOPLIST_KEY_UISupportedInterfaceOrientations = "UIInterfaceOrientationPortrait UIInterfaceOrientationPortraitUpsideDown";
				INFOPLIST_KEY_UISupportedInterfaceOrientations_iPad = "UIInterfaceOrientationLandscapeLeft UIInterfaceOrientationLandscapeRight UIInterfaceOrientationPortrait UIInterfaceOrientationPortraitUpsideDown";
				INFOPLIST_KEY_UIUserInterfaceStyle = Light;
				IPHONEOS_DEPLOYMENT_TARGET = 15.0;
				LD_RUNPATH_SEARCH_PATHS = (
					"$(inherited)",
					"@executable_path/Frameworks",
				);
				MARKETING_VERSION = 1.0;
				PRODUCT_BUNDLE_IDENTIFIER = com.app.Chamala2;
				PRODUCT_NAME = "$(TARGET_NAME)";
				SUPPORTED_PLATFORMS = "iphoneos iphonesimulator";
				SUPPORTS_MACCATALYST = NO;
				SUPPORTS_MAC_DESIGNED_FOR_IPHONE_IPAD = NO;
				SUPPORTS_XR_DESIGNED_FOR_IPHONE_IPAD = NO;
				SWIFT_EMIT_LOC_STRINGS = YES;
				SWIFT_VERSION = 5.0;
				TARGETED_DEVICE_FAMILY = 1;
			};
			name = Release;
		};
/* End XCBuildConfiguration section */

/* Begin XCConfigurationList section */
		A49F4A922BBBDEFF0017250D /* Build configuration list for PBXProject "Chamala" */ = {
			isa = XCConfigurationList;
			buildConfigurations = (
				A49F4AA92BBBDF000017250D /* Debug */,
				A49F4AAA2BBBDF000017250D /* Release */,
			);
			defaultConfigurationIsVisible = 0;
			defaultConfigurationName = Release;
		};
		A49F4AAB2BBBDF000017250D /* Build configuration list for PBXNativeTarget "Chamala" */ = {
			isa = XCConfigurationList;
			buildConfigurations = (
				A49F4AAC2BBBDF000017250D /* Debug */,
				A49F4AAD2BBBDF000017250D /* Release */,
			);
			defaultConfigurationIsVisible = 0;
			defaultConfigurationName = Release;
		};
/* End XCConfigurationList section */

/* Begin XCRemoteSwiftPackageReference section */
		A402B14E2BBDC21100EC29BC /* XCRemoteSwiftPackageReference "LoremSwiftum" */ = {
			isa = XCRemoteSwiftPackageReference;
			repositoryURL = "https://github.com/lukaskubanek/LoremSwiftum.git";
			requirement = {
				branch = master;
				kind = branch;
			};
		};
/* End XCRemoteSwiftPackageReference section */

/* Begin XCSwiftPackageProductDependency section */
		A402B14F2BBDC21100EC29BC /* LoremSwiftum */ = {
			isa = XCSwiftPackageProductDependency;
			package = A402B14E2BBDC21100EC29BC /* XCRemoteSwiftPackageReference "LoremSwiftum" */;
			productName = LoremSwiftum;
		};
/* End XCSwiftPackageProductDependency section */
	};
	rootObject = A49F4A8F2BBBDEFF0017250D /* Project object */;
}
